
Microsoft Visual Studio Solution File, Format Version 12.00
# Visual Studio Version 17
VisualStudioVersion = 17.7.34024.191
MinimumVisualStudioVersion = 10.0.40219.1
Project("{9A19103F-16F7-4668-BE54-9A1E7A4F7556}") = "TAFE_ICT40120_Assessment02", "TAFE_ICT40120_Assessment02.csproj", "{8DF3DEE2-4162-450E-92AD-870DB5F2A1CF}"
EndProject
Project("{FAE04EC0-301F-11D3-BF4B-00C04F79EFBC}") = "TEST_TAFE_ICT40120_Assessment02", "..\TEST_TAFE_ICT40120_Assessment02\TEST_TAFE_ICT40120_Assessment02.csproj", "{A0BF14CB-DF65-4A60-BB4B-2177FC98D956}"
EndProject
Global
	GlobalSection(SolutionConfigurationPlatforms) = preSolution
		Debug|Any CPU = Debug|Any CPU
		Release|Any CPU = Release|Any CPU
	EndGlobalSection
	GlobalSection(ProjectConfigurationPlatforms) = postSolution
		{8DF3DEE2-4162-450E-92AD-870DB5F2A1CF}.Debug|Any CPU.ActiveCfg = Debug|Any CPU
		{8DF3DEE2-4162-450E-92AD-870DB5F2A1CF}.Debug|Any CPU.Build.0 = Debug|Any CPU
		{8DF3DEE2-4162-450E-92AD-870DB5F2A1CF}.Release|Any CPU.ActiveCfg = Release|Any CPU
		{8DF3DEE2-4162-450E-92AD-870DB5F2A1CF}.Release|Any CPU.Build.0 = Release|Any CPU
		{A0BF14CB-DF65-4A60-BB4B-2177FC98D956}.Debug|Any CPU.ActiveCfg = Debug|Any CPU
		{A0BF14CB-DF65-4A60-BB4B-2177FC98D956}.Debug|Any CPU.Build.0 = Debug|Any CPU
		{A0BF14CB-DF65-4A60-BB4B-2177FC98D956}.Release|Any CPU.ActiveCfg = Release|Any CPU
		{A0BF14CB-DF65-4A60-BB4B-2177FC98D956}.Release|Any CPU.Build.0 = Release|Any CPU
	EndGlobalSection
	GlobalSection(SolutionProperties) = preSolution
		HideSolutionNode = FALSE
	EndGlobalSection
	GlobalSection(ExtensibilityGlobals) = postSolution
		SolutionGuid = {B0A92E44-19FD-445A-8787-82A1F1949144}
	EndGlobalSection
EndGlobal
